{
  "name": "3d",
  "version": "1.0.0",
  "lockfileVersion": 1,
  "requires": true,
  "dependencies": {
    "graphicsx": {
      "version": "1.0.0",
      "resolved": "https://registry.npmjs.org/graphicsx/-/graphicsx-1.0.0.tgz",
      "integrity": "sha512-OaL9X7RmnRRRZOkn8j78pDBRrHjOt4WPo5SJyENbJJEWL5r0SGwEU8joPAMhhGlqxbDEojse/If2HlFH3kBUxg==",
      "requires": {
        "utilsx": "*",
        "vectorx": "*"
      }
    },
    "utilsx": {
      "version": "1.11.0",
      "resolved": "https://registry.npmjs.org/utilsx/-/utilsx-1.11.0.tgz",
      "integrity": "sha512-rJRFxygraVrtbf3xhIJx9hlU6av/EUwAk0r7mbNYpZyBli2ZLrbfKnj7pLSdXn8iJrWGSrjgD4QGO6MAcCbW3Q==",
      "requires": {
        "vectorx": "^3.0.0"
      }
    },
    "vectorx": {
      "version": "3.3.1",
      "resolved": "https://registry.npmjs.org/vectorx/-/vectorx-3.3.1.tgz",
      "integrity": "sha512-HYibLBFgsvns+1dpAgeqWPyYQHFH967IXTz3bv4zCc3yoEU9uYZ5e2LwDX8AYBtd0uWEueAYHk4sq8GxJQFIqQ=="
    }
  }
}
